
Microsoft Visual Studio Solution File, Format Version 12.00
# Visual Studio Version 16
VisualStudioVersion = 16.0.29209.62
MinimumVisualStudioVersion = 10.0.40219.1
Project("{FAE04EC0-301F-11D3-BF4B-00C04F79EFBC}") = "ThemeGenerator", "ThemeGenerator\ThemeGenerator.csproj", "{CE9B5F79-7B93-4889-AB42-841FB137E5C6}"
EndProject
Global
	GlobalSection(SolutionConfigurationPlatforms) = preSolution
		Debug|Any CPU = Debug|Any CPU
		Release|Any CPU = Release|Any CPU
	EndGlobalSection
	GlobalSection(ProjectConfigurationPlatforms) = postSolution
		{CE9B5F79-7B93-4889-AB42-841FB137E5C6}.Debug|Any CPU.ActiveCfg = Debug|Any CPU
		{CE9B5F79-7B93-4889-AB42-841FB137E5C6}.Debug|Any CPU.Build.0 = Debug|Any CPU
		{CE9B5F79-7B93-4889-AB42-841FB137E5C6}.Release|Any CPU.ActiveCfg = Release|Any CPU
		{CE9B5F79-7B93-4889-AB42-841FB137E5C6}.Release|Any CPU.Build.0 = Release|Any CPU
	EndGlobalSection
	GlobalSection(SolutionProperties) = preSolution
		HideSolutionNode = FALSE
	EndGlobalSection
	GlobalSection(ExtensibilityGlobals) = postSolution
		SolutionGuid = {59B4DA34-478B-4117-ADBE-C9B792285177}
	EndGlobalSection
EndGlobal
